
Microsoft Visual Studio Solution File, Format Version 12.00
# Visual Studio Version 17
VisualStudioVersion = 17.13.35818.85 d17.13
MinimumVisualStudioVersion = 10.0.40219.1
Project("{FAE04EC0-301F-11D3-BF4B-00C04F79EFBC}") = "TravelTripProje", "TravelTripProje\TravelTripProje.csproj", "{ADB36D08-EAD2-4937-AEA0-74C5362E8134}"
EndProject
Global
	GlobalSection(SolutionConfigurationPlatforms) = preSolution
		Debug|Any CPU = Debug|Any CPU
		Release|Any CPU = Release|Any CPU
	EndGlobalSection
	GlobalSection(ProjectConfigurationPlatforms) = postSolution
		{ADB36D08-EAD2-4937-AEA0-74C5362E8134}.Debug|Any CPU.ActiveCfg = Debug|Any CPU
		{ADB36D08-EAD2-4937-AEA0-74C5362E8134}.Debug|Any CPU.Build.0 = Debug|Any CPU
		{ADB36D08-EAD2-4937-AEA0-74C5362E8134}.Release|Any CPU.ActiveCfg = Release|Any CPU
		{ADB36D08-EAD2-4937-AEA0-74C5362E8134}.Release|Any CPU.Build.0 = Release|Any CPU
	EndGlobalSection
	GlobalSection(SolutionProperties) = preSolution
		HideSolutionNode = FALSE
	EndGlobalSection
	GlobalSection(ExtensibilityGlobals) = postSolution
		SolutionGuid = {F3278C09-639B-47BC-AFE2-4D206E1F9C9D}
	EndGlobalSection
EndGlobal
